
Microsoft Visual Studio Solution File, Format Version 12.00
# Visual Studio Version 17
VisualStudioVersion = 17.14.37111.16 d17.14
MinimumVisualStudioVersion = 10.0.40219.1
Project("{FAE04EC0-301F-11D3-BF4B-00C04F79EFBC}") = "MistAPI", "MistAPI.csproj", "{4BA7B258-F9D5-4FD0-A175-54D4FA653122}"
EndProject
Global
	GlobalSection(SolutionConfigurationPlatforms) = preSolution
		Debug|Any CPU = Debug|Any CPU
		Release|Any CPU = Release|Any CPU
	EndGlobalSection
	GlobalSection(ProjectConfigurationPlatforms) = postSolution
		{4BA7B258-F9D5-4FD0-A175-54D4FA653122}.Debug|Any CPU.ActiveCfg = Debug|Any CPU
		{4BA7B258-F9D5-4FD0-A175-54D4FA653122}.Debug|Any CPU.Build.0 = Debug|Any CPU
		{4BA7B258-F9D5-4FD0-A175-54D4FA653122}.Release|Any CPU.ActiveCfg = Release|Any CPU
		{4BA7B258-F9D5-4FD0-A175-54D4FA653122}.Release|Any CPU.Build.0 = Release|Any CPU
	EndGlobalSection
	GlobalSection(SolutionProperties) = preSolution
		HideSolutionNode = FALSE
	EndGlobalSection
	GlobalSection(ExtensibilityGlobals) = postSolution
		SolutionGuid = {D8B62121-EC1A-493B-989D-9C2C25ED35F1}
	EndGlobalSection
EndGlobal
